
Microsoft Visual Studio Solution File, Format Version 12.00
# Visual Studio Version 16
VisualStudioVersion = 16.0.30503.244
MinimumVisualStudioVersion = 10.0.40219.1
Project("{FAE04EC0-301F-11D3-BF4B-00C04F79EFBC}") = "ConsoleApp1", "ConsoleApp1\ConsoleApp1.csproj", "{C5305CFE-6C98-42CA-863D-F99C5AF847DB}"
EndProject
Global
	GlobalSection(SolutionConfigurationPlatforms) = preSolution
		Debug|Any CPU = Debug|Any CPU
		Release|Any CPU = Release|Any CPU
	EndGlobalSection
	GlobalSection(ProjectConfigurationPlatforms) = postSolution
		{C5305CFE-6C98-42CA-863D-F99C5AF847DB}.Debug|Any CPU.ActiveCfg = Debug|Any CPU
		{C5305CFE-6C98-42CA-863D-F99C5AF847DB}.Debug|Any CPU.Build.0 = Debug|Any CPU
		{C5305CFE-6C98-42CA-863D-F99C5AF847DB}.Release|Any CPU.ActiveCfg = Release|Any CPU
		{C5305CFE-6C98-42CA-863D-F99C5AF847DB}.Release|Any CPU.Build.0 = Release|Any CPU
	EndGlobalSection
	GlobalSection(SolutionProperties) = preSolution
		HideSolutionNode = FALSE
	EndGlobalSection
	GlobalSection(ExtensibilityGlobals) = postSolution
		SolutionGuid = {9225C202-AD08-4FE8-82C9-C90E476D2E94}
	EndGlobalSection
EndGlobal
